
Microsoft Visual Studio Solution File, Format Version 12.00
# Visual Studio Version 16
VisualStudioVersion = 16.0.30114.105
MinimumVisualStudioVersion = 10.0.40219.1
Project("{FAE04EC0-301F-11D3-BF4B-00C04F79EFBC}") = "clock", "clock\clock.csproj", "{3DE5E8E0-9B17-4571-8A29-8356F437231A}"
EndProject
Global
	GlobalSection(SolutionConfigurationPlatforms) = preSolution
		Debug|Any CPU = Debug|Any CPU
		Release|Any CPU = Release|Any CPU
	EndGlobalSection
	GlobalSection(ProjectConfigurationPlatforms) = postSolution
		{3DE5E8E0-9B17-4571-8A29-8356F437231A}.Debug|Any CPU.ActiveCfg = Debug|Any CPU
		{3DE5E8E0-9B17-4571-8A29-8356F437231A}.Debug|Any CPU.Build.0 = Debug|Any CPU
		{3DE5E8E0-9B17-4571-8A29-8356F437231A}.Release|Any CPU.ActiveCfg = Release|Any CPU
		{3DE5E8E0-9B17-4571-8A29-8356F437231A}.Release|Any CPU.Build.0 = Release|Any CPU
	EndGlobalSection
	GlobalSection(SolutionProperties) = preSolution
		HideSolutionNode = FALSE
	EndGlobalSection
	GlobalSection(ExtensibilityGlobals) = postSolution
		SolutionGuid = {076F201D-687B-4476-A737-1FDF082C3C5E}
	EndGlobalSection
EndGlobal
